
Microsoft Visual Studio Solution File, Format Version 12.00
# Visual Studio Version 16
VisualStudioVersion = 16.0.31702.278
MinimumVisualStudioVersion = 10.0.40219.1
Project("{FAE04EC0-301F-11D3-BF4B-00C04F79EFBC}") = "QLTrangSuc", "QLTrangSuc\QLTrangSuc.csproj", "{4E1F2069-8242-4FE5-98EE-271052D029C6}"
	ProjectSection(ProjectDependencies) = postProject
		{D3940734-DD86-463F-ABB9-7A88060F4934} = {D3940734-DD86-463F-ABB9-7A88060F4934}
		{43C05D4B-3092-404A-AFD9-F7E2AC199E71} = {43C05D4B-3092-404A-AFD9-F7E2AC199E71}
		{F321F153-29D8-472F-B1C3-92122D728AF8} = {F321F153-29D8-472F-B1C3-92122D728AF8}
	EndProjectSection
EndProject
Project("{9A19103F-16F7-4668-BE54-9A1E7A4F7556}") = "DAO", "DAO\DAO.csproj", "{43C05D4B-3092-404A-AFD9-F7E2AC199E71}"
	ProjectSection(ProjectDependencies) = postProject
		{D3940734-DD86-463F-ABB9-7A88060F4934} = {D3940734-DD86-463F-ABB9-7A88060F4934}
	EndProjectSection
EndProject
Project("{9A19103F-16F7-4668-BE54-9A1E7A4F7556}") = "BUS", "BUS\BUS.csproj", "{F321F153-29D8-472F-B1C3-92122D728AF8}"
	ProjectSection(ProjectDependencies) = postProject
		{D3940734-DD86-463F-ABB9-7A88060F4934} = {D3940734-DD86-463F-ABB9-7A88060F4934}
		{43C05D4B-3092-404A-AFD9-F7E2AC199E71} = {43C05D4B-3092-404A-AFD9-F7E2AC199E71}
	EndProjectSection
EndProject
Project("{9A19103F-16F7-4668-BE54-9A1E7A4F7556}") = "OBJ", "OBJ\OBJ.csproj", "{D3940734-DD86-463F-ABB9-7A88060F4934}"
EndProject
Global
	GlobalSection(SolutionConfigurationPlatforms) = preSolution
		Debug|Any CPU = Debug|Any CPU
		Release|Any CPU = Release|Any CPU
	EndGlobalSection
	GlobalSection(ProjectConfigurationPlatforms) = postSolution
		{4E1F2069-8242-4FE5-98EE-271052D029C6}.Debug|Any CPU.ActiveCfg = Debug|Any CPU
		{4E1F2069-8242-4FE5-98EE-271052D029C6}.Debug|Any CPU.Build.0 = Debug|Any CPU
		{4E1F2069-8242-4FE5-98EE-271052D029C6}.Release|Any CPU.ActiveCfg = Release|Any CPU
		{4E1F2069-8242-4FE5-98EE-271052D029C6}.Release|Any CPU.Build.0 = Release|Any CPU
		{43C05D4B-3092-404A-AFD9-F7E2AC199E71}.Debug|Any CPU.ActiveCfg = Debug|Any CPU
		{43C05D4B-3092-404A-AFD9-F7E2AC199E71}.Debug|Any CPU.Build.0 = Debug|Any CPU
		{43C05D4B-3092-404A-AFD9-F7E2AC199E71}.Release|Any CPU.ActiveCfg = Release|Any CPU
		{43C05D4B-3092-404A-AFD9-F7E2AC199E71}.Release|Any CPU.Build.0 = Release|Any CPU
		{F321F153-29D8-472F-B1C3-92122D728AF8}.Debug|Any CPU.ActiveCfg = Debug|Any CPU
		{F321F153-29D8-472F-B1C3-92122D728AF8}.Debug|Any CPU.Build.0 = Debug|Any CPU
		{F321F153-29D8-472F-B1C3-92122D728AF8}.Release|Any CPU.ActiveCfg = Release|Any CPU
		{F321F153-29D8-472F-B1C3-92122D728AF8}.Release|Any CPU.Build.0 = Release|Any CPU
		{D3940734-DD86-463F-ABB9-7A88060F4934}.Debug|Any CPU.ActiveCfg = Debug|Any CPU
		{D3940734-DD86-463F-ABB9-7A88060F4934}.Debug|Any CPU.Build.0 = Debug|Any CPU
		{D3940734-DD86-463F-ABB9-7A88060F4934}.Release|Any CPU.ActiveCfg = Release|Any CPU
		{D3940734-DD86-463F-ABB9-7A88060F4934}.Release|Any CPU.Build.0 = Release|Any CPU
	EndGlobalSection
	GlobalSection(SolutionProperties) = preSolution
		HideSolutionNode = FALSE
	EndGlobalSection
	GlobalSection(ExtensibilityGlobals) = postSolution
		SolutionGuid = {6EDB2FF3-5F4D-4986-83D2-DE794C89594A}
	EndGlobalSection
EndGlobal
